
Microsoft Visual Studio Solution File, Format Version 12.00
# Visual Studio Version 17
VisualStudioVersion = 17.8.34330.188
MinimumVisualStudioVersion = 10.0.40219.1
Project("{FAE04EC0-301F-11D3-BF4B-00C04F79EFBC}") = "ktgit", "ktgit\ktgit.csproj", "{97622FC7-84DD-4F1E-84AA-183EC4846B0A}"
EndProject
Global
	GlobalSection(SolutionConfigurationPlatforms) = preSolution
		Debug|Any CPU = Debug|Any CPU
		Release|Any CPU = Release|Any CPU
	EndGlobalSection
	GlobalSection(ProjectConfigurationPlatforms) = postSolution
		{97622FC7-84DD-4F1E-84AA-183EC4846B0A}.Debug|Any CPU.ActiveCfg = Debug|Any CPU
		{97622FC7-84DD-4F1E-84AA-183EC4846B0A}.Debug|Any CPU.Build.0 = Debug|Any CPU
		{97622FC7-84DD-4F1E-84AA-183EC4846B0A}.Release|Any CPU.ActiveCfg = Release|Any CPU
		{97622FC7-84DD-4F1E-84AA-183EC4846B0A}.Release|Any CPU.Build.0 = Release|Any CPU
	EndGlobalSection
	GlobalSection(SolutionProperties) = preSolution
		HideSolutionNode = FALSE
	EndGlobalSection
	GlobalSection(ExtensibilityGlobals) = postSolution
		SolutionGuid = {740DF934-2BE1-422E-B9D5-59CE61411798}
	EndGlobalSection
EndGlobal
